// !$*UTF8*$!
{
	archiveVersion = 1;
	classes = {
	};
	objectVersion = 48;
	objects = {

/* Begin PBXBuildFile section */
		DE5DF2082055E53000DF0E76 /* AppDelegate.swift in Sources */ = {isa = PBXBuildFile; fileRef = DE5DF2072055E53000DF0E76 /* AppDelegate.swift */; };
		DE5DF20A2055E53000DF0E76 /* ViewController.swift in Sources */ = {isa = PBXBuildFile; fileRef = DE5DF2092055E53000DF0E76 /* ViewController.swift */; };
		DE5DF20D2055E53100DF0E76 /* Main.storyboard in Resources */ = {isa = PBXBuildFile; fileRef = DE5DF20B2055E53100DF0E76 /* Main.storyboard */; };
		DE5DF20F2055E53100DF0E76 /* Assets.xcassets in Resources */ = {isa = PBXBuildFile; fileRef = DE5DF20E2055E53100DF0E76 /* Assets.xcassets */; };
		DE5DF2122055E53100DF0E76 /* LaunchScreen.storyboard in Resources */ = {isa = PBXBuildFile; fileRef = DE5DF2102055E53100DF0E76 /* LaunchScreen.storyboard */; };
		DE5DF21A2055E56A00DF0E76 /* Secrets.swift in Sources */ = {isa = PBXBuildFile; fileRef = DE5DF2192055E56900DF0E76 /* Secrets.swift */; };
/* End PBXBuildFile section */

/* Begin PBXFileReference section */
		DE5DF2042055E53000DF0E76 /* Twitter_ProjDemo.app */ = {isa = PBXFileReference; explicitFileType = wrapper.application; includeInIndex = 0; path = Twitter_ProjDemo.app; sourceTree = BUILT_PRODUCTS_DIR; };
		DE5DF2072055E53000DF0E76 /* AppDelegate.swift */ = {isa = PBXFileReference; lastKnownFileType = sourcecode.swift; path = AppDelegate.swift; sourceTree = "<group>"; };
		DE5DF2092055E53000DF0E76 /* ViewController.swift */ = {isa = PBXFileReference; lastKnownFileType = sourcecode.swift; path = ViewController.swift; sourceTree = "<group>"; };
		DE5DF20C2055E53100DF0E76 /* Base */ = {isa = PBXFileReference; lastKnownFileType = file.storyboard; name = Base; path = Base.lproj/Main.storyboard; sourceTree = "<group>"; };
		DE5DF20E2055E53100DF0E76 /* Assets.xcassets */ = {isa = PBXFileReference; lastKnownFileType = folder.assetcatalog; path = Assets.xcassets; sourceTree = "<group>"; };
		DE5DF2112055E53100DF0E76 /* Base */ = {isa = PBXFileReference; lastKnownFileType = file.storyboard; name = Base; path = Base.lproj/LaunchScreen.storyboard; sourceTree = "<group>"; };
		DE5DF2132055E53100DF0E76 /* Info.plist */ = {isa = PBXFileReference; lastKnownFileType = text.plist.xml; path = Info.plist; sourceTree = "<group>"; };
		DE5DF2192055E56900DF0E76 /* Secrets.swift */ = {isa = PBXFileReference; lastKnownFileType = sourcecode.swift; path = Secrets.swift; sourceTree = "<group>"; };
/* End PBXFileReference section */

/* Begin PBXFrameworksBuildPhase section */
		DE5DF2012055E53000DF0E76 /* Frameworks */ = {
			isa = PBXFrameworksBuildPhase;
			buildActionMask = 2147483647;
			files = (
			);
			runOnlyForDeploymentPostprocessing = 0;
		};
/* End PBXFrameworksBuildPhase section */

/* Begin PBXGroup section */
		DE5DF1FB2055E52F00DF0E76 = {
			isa = PBXGroup;
			children = (
				DE5DF2062055E53000DF0E76 /* Twitter_ProjDemo */,
				DE5DF2052055E53000DF0E76 /* Products */,
			);
			sourceTree = "<group>";
		};
		DE5DF2052055E53000DF0E76 /* Products */ = {
			isa = PBXGroup;
			children = (
				DE5DF2042055E53000DF0E76 /* Twitter_ProjDemo.app */,
			);
			name = Products;
			sourceTree = "<group>";
		};
		DE5DF2062055E53000DF0E76 /* Twitter_ProjDemo */ = {
			isa = PBXGroup;
			children = (
				DE5DF2072055E53000DF0E76 /* AppDelegate.swift */,
				DE5DF2092055E53000DF0E76 /* ViewController.swift */,
				DE5DF20B2055E53100DF0E76 /* Main.storyboard */,
				DE5DF20E2055E53100DF0E76 /* Assets.xcassets */,
				DE5DF2102055E53100DF0E76 /* LaunchScreen.storyboard */,
				DE5DF2132055E53100DF0E76 /* Info.plist */,
				DE5DF2192055E56900DF0E76 /* Secrets.swift */,
			);
			path = Twitter_ProjDemo;
			sourceTree = "<group>";
		};
/* End PBXGroup section */

/* Begin PBXNativeTarget section */
		DE5DF2032055E53000DF0E76 /* Twitter_ProjDemo */ = {
			isa = PBXNativeTarget;
			buildConfigurationList = DE5DF2162055E53100DF0E76 /* Build configuration list for PBXNativeTarget "Twitter_ProjDemo" */;
			buildPhases = (
				DE5DF2002055E53000DF0E76 /* Sources */,
				DE5DF2012055E53000DF0E76 /* Frameworks */,
				DE5DF2022055E53000DF0E76 /* Resources */,
			);
			buildRules = (
			);
			dependencies = (
			);
			name = Twitter_ProjDemo;
			productName = Twitter_ProjDemo;
			productReference = DE5DF2042055E53000DF0E76 /* Twitter_ProjDemo.app */;
			productType = "com.apple.product-type.application";
		};
/* End PBXNativeTarget section */

/* Begin PBXProject section */
		DE5DF1FC2055E52F00DF0E76 /* Project object */ = {
			isa = PBXProject;
			attributes = {
				LastSwiftUpdateCheck = 0920;
				LastUpgradeCheck = 0920;
				ORGANIZATIONNAME = "Bettina Prophete";
				TargetAttributes = {
					DE5DF2032055E53000DF0E76 = {
						CreatedOnToolsVersion = 9.2;
						ProvisioningStyle = Automatic;
					};
				};
			};
			buildConfigurationList = DE5DF1FF2055E52F00DF0E76 /* Build configuration list for PBXProject "Twitter_ProjDemo" */;
			compatibilityVersion = "Xcode 8.0";
			developmentRegion = en;
			hasScannedForEncodings = 0;
			knownRegions = (
				en,
				Base,
			);
			mainGroup = DE5DF1FB2055E52F00DF0E76;
			productRefGroup = DE5DF2052055E53000DF0E76 /* Products */;
			projectDirPath = "";
			projectRoot = "";
			targets = (
				DE5DF2032055E53000DF0E76 /* Twitter_ProjDemo */,
			);
		};
/* End PBXProject section */

/* Begin PBXResourcesBuildPhase section */
		DE5DF2022055E53000DF0E76 /* Resources */ = {
			isa = PBXResourcesBuildPhase;
			buildActionMask = 2147483647;
			files = (
				DE5DF2122055E53100DF0E76 /* LaunchScreen.storyboard in Resources */,
				DE5DF20F2055E53100DF0E76 /* Assets.xcassets in Resources */,
				DE5DF20D2055E53100DF0E76 /* Main.storyboard in Resources */,
			);
			runOnlyForDeploymentPostprocessing = 0;
		};
/* End PBXResourcesBuildPhase section */

/* Begin PBXSourcesBuildPhase section */
		DE5DF2002055E53000DF0E76 /* Sources */ = {
			isa = PBXSourcesBuildPhase;
			buildActionMask = 2147483647;
			files = (
				DE5DF20A2055E53000DF0E76 /* ViewController.swift in Sources */,
				DE5DF21A2055E56A00DF0E76 /* Secrets.swift in Sources */,
				DE5DF2082055E53000DF0E76 /* AppDelegate.swift in Sources */,
			);
			runOnlyForDeploymentPostprocessing = 0;
		};
/* End PBXSourcesBuildPhase section */

/* Begin PBXVariantGroup section */
		DE5DF20B2055E53100DF0E76 /* Main.storyboard */ = {
			isa = PBXVariantGroup;
			children = (
				DE5DF20C2055E53100DF0E76 /* Base */,
			);
			name = Main.storyboard;
			sourceTree = "<group>";
		};
		DE5DF2102055E53100DF0E76 /* LaunchScreen.storyboard */ = {
			isa = PBXVariantGroup;
			children = (
				DE5DF2112055E53100DF0E76 /* Base */,
			);
			name = LaunchScreen.storyboard;
			sourceTree = "<group>";
		};
/* End PBXVariantGroup section */

/* Begin XCBuildConfiguration section */
		DE5DF2142055E53100DF0E76 /* Debug */ = {
			isa = XCBuildConfiguration;
			buildSettings = {
				ALWAYS_SEARCH_USER_PATHS = NO;
				CLANG_ANALYZER_NONNULL = YES;
				CLANG_ANALYZER_NUMBER_OBJECT_CONVERSION = YES_AGGRESSIVE;
				CLANG_CXX_LANGUAGE_STANDARD = "gnu++14";
				CLANG_CXX_LIBRARY = "libc++";
				CLANG_ENABLE_MODULES = YES;
				CLANG_ENABLE_OBJC_ARC = YES;
				CLANG_WARN_BLOCK_CAPTURE_AUTORELEASING = YES;
				CLANG_WARN_BOOL_CONVERSION = YES;
				CLANG_WARN_COMMA = YES;
				CLANG_WARN_CONSTANT_CONVERSION = YES;
				CLANG_WARN_DIRECT_OBJC_ISA_USAGE = YES_ERROR;
				CLANG_WARN_DOCUMENTATION_COMMENTS = YES;
				CLANG_WARN_EMPTY_BODY = YES;
				CLANG_WARN_ENUM_CONVERSION = YES;
				CLANG_WARN_INFINITE_RECURSION = YES;
				CLANG_WARN_INT_CONVERSION = YES;
				CLANG_WARN_NON_LITERAL_NULL_CONVERSION = YES;
				CLANG_WARN_OBJC_LITERAL_CONVERSION = YES;
				CLANG_WARN_OBJC_ROOT_CLASS = YES_ERROR;
				CLANG_WARN_RANGE_LOOP_ANALYSIS = YES;
				CLANG_WARN_STRICT_PROTOTYPES = YES;
				CLANG_WARN_SUSPICIOUS_MOVE = YES;
				CLANG_WARN_UNGUARDED_AVAILABILITY = YES_AGGRESSIVE;
				CLANG_WARN_UNREACHABLE_CODE = YES;
				CLANG_WARN__DUPLICATE_METHOD_MATCH = YES;
				CODE_SIGN_IDENTITY = "iPhone Developer";
				COPY_PHASE_STRIP = NO;
				DEBUG_INFORMATION_FORMAT = dwarf;
				ENABLE_STRICT_OBJC_MSGSEND = YES;
				ENABLE_TESTABILITY = YES;
				GCC_C_LANGUAGE_STANDARD = gnu11;
				GCC_DYNAMIC_NO_PIC = NO;
				GCC_NO_COMMON_BLOCKS = YES;
				GCC_OPTIMIZATION_LEVEL = 0;
				GCC_PREPROCESSOR_DEFINITIONS = (
					"DEBUG=1",
					"$(inherited)",
				);
				GCC_WARN_64_TO_32_BIT_CONVERSION = YES;
				GCC_WARN_ABOUT_RETURN_TYPE = YES_ERROR;
				GCC_WARN_UNDECLARED_SELECTOR = YES;
				GCC_WARN_UNINITIALIZED_AUTOS = YES_AGGRESSIVE;
				GCC_WARN_UNUSED_FUNCTION = YES;
				GCC_WARN_UNUSED_VARIABLE = YES;
				IPHONEOS_DEPLOYMENT_TARGET = 11.2;
				MTL_ENABLE_DEBUG_INFO = YES;
				ONLY_ACTIVE_ARCH = YES;
				SDKROOT = iphoneos;
				SWIFT_ACTIVE_COMPILATION_CONDITIONS = DEBUG;
				SWIFT_OPTIMIZATION_LEVEL = "-Onone";
			};
			name = Debug;
		};
		DE5DF2152055E53100DF0E76 /* Release */ = {
			isa = XCBuildConfiguration;
			buildSettings = {
				ALWAYS_SEARCH_USER_PATHS = NO;
				CLANG_ANALYZER_NONNULL = YES;
				CLANG_ANALYZER_NUMBER_OBJECT_CONVERSION = YES_AGGRESSIVE;
				CLANG_CXX_LANGUAGE_STANDARD = "gnu++14";
				CLANG_CXX_LIBRARY = "libc++";
				CLANG_ENABLE_MODULES = YES;
				CLANG_ENABLE_OBJC_ARC = YES;
				CLANG_WARN_BLOCK_CAPTURE_AUTORELEASING = YES;
				CLANG_WARN_BOOL_CONVERSION = YES;
				CLANG_WARN_COMMA = YES;
				CLANG_WARN_CONSTANT_CONVERSION = YES;
				CLANG_WARN_DIRECT_OBJC_ISA_USAGE = YES_ERROR;
				CLANG_WARN_DOCUMENTATION_COMMENTS = YES;
				CLANG_WARN_EMPTY_BODY = YES;
				CLANG_WARN_ENUM_CONVERSION = YES;
				CLANG_WARN_INFINITE_RECURSION = YES;
				CLANG_WARN_INT_CONVERSION = YES;
				CLANG_WARN_NON_LITERAL_NULL_CONVERSION = YES;
				CLANG_WARN_OBJC_LITERAL_CONVERSION = YES;
				CLANG_WARN_OBJC_ROOT_CLASS = YES_ERROR;
				CLANG_WARN_RANGE_LOOP_ANALYSIS = YES;
				CLANG_WARN_STRICT_PROTOTYPES = YES;
				CLANG_WARN_SUSPICIOUS_MOVE = YES;
				CLANG_WARN_UNGUARDED_AVAILABILITY = YES_AGGRESSIVE;
				CLANG_WARN_UNREACHABLE_CODE = YES;
				CLANG_WARN__DUPLICATE_METHOD_MATCH = YES;
				CODE_SIGN_IDENTITY = "iPhone Developer";
				COPY_PHASE_STRIP = NO;
				DEBUG_INFORMATION_FORMAT = "dwarf-with-dsym";
				ENABLE_NS_ASSERTIONS = NO;
				ENABLE_STRICT_OBJC_MSGSEND = YES;
				GCC_C_LANGUAGE_STANDARD = gnu11;
				GCC_NO_COMMON_BLOCKS = YES;
				GCC_WARN_64_TO_32_BIT_CONVERSION = YES;
				GCC_WARN_ABOUT_RETURN_TYPE = YES_ERROR;
				GCC_WARN_UNDECLARED_SELECTOR = YES;
				GCC_WARN_UNINITIALIZED_AUTOS = YES_AGGRESSIVE;
				GCC_WARN_UNUSED_FUNCTION = YES;
				GCC_WARN_UNUSED_VARIABLE = YES;
				IPHONEOS_DEPLOYMENT_TARGET = 11.2;
				MTL_ENABLE_DEBUG_INFO = NO;
				SDKROOT = iphoneos;
				SWIFT_OPTIMIZATION_LEVEL = "-Owholemodule";
				VALIDATE_PRODUCT = YES;
			};
			name = Release;
		};
		DE5DF2172055E53100DF0E76 /* Debug */ = {
			isa = XCBuildConfiguration;
			buildSettings = {
				ASSETCATALOG_COMPILER_APPICON_NAME = AppIcon;
				CODE_SIGN_STYLE = Automatic;
				DEVELOPMENT_TEAM = PC6SC7E96K;
				INFOPLIST_FILE = Twitter_ProjDemo/Info.plist;
				LD_RUNPATH_SEARCH_PATHS = "$(inherited) @executable_path/Frameworks";
				PRODUCT_BUNDLE_IDENTIFIER = "com.BP.Twitter-ProjDemo";
				PRODUCT_NAME = "$(TARGET_NAME)";
				SWIFT_VERSION = 4.0;
				TARGETED_DEVICE_FAMILY = "1,2";
			};
			name = Debug;
		};
		DE5DF2182055E53100DF0E76 /* Release */ = {
			isa = XCBuildConfiguration;
			buildSettings = {
				ASSETCATALOG_COMPILER_APPICON_NAME = AppIcon;
				CODE_SIGN_STYLE = Automatic;
				DEVELOPMENT_TEAM = PC6SC7E96K;
				INFOPLIST_FILE = Twitter_ProjDemo/Info.plist;
				LD_RUNPATH_SEARCH_PATHS = "$(inherited) @executable_path/Frameworks";
				PRODUCT_BUNDLE_IDENTIFIER = "com.BP.Twitter-ProjDemo";
				PRODUCT_NAME = "$(TARGET_NAME)";
				SWIFT_VERSION = 4.0;
				TARGETED_DEVICE_FAMILY = "1,2";
			};
			name = Release;
		};
/* End XCBuildConfiguration section */

/* Begin XCConfigurationList section */
		DE5DF1FF2055E52F00DF0E76 /* Build configuration list for PBXProject "Twitter_ProjDemo" */ = {
			isa = XCConfigurationList;
			buildConfigurations = (
				DE5DF2142055E53100DF0E76 /* Debug */,
				DE5DF2152055E53100DF0E76 /* Release */,
			);
			defaultConfigurationIsVisible = 0;
			defaultConfigurationName = Release;
		};
		DE5DF2162055E53100DF0E76 /* Build configuration list for PBXNativeTarget "Twitter_ProjDemo" */ = {
			isa = XCConfigurationList;
			buildConfigurations = (
				DE5DF2172055E53100DF0E76 /* Debug */,
				DE5DF2182055E53100DF0E76 /* Release */,
			);
			defaultConfigurationIsVisible = 0;
			defaultConfigurationName = Release;
		};
/* End XCConfigurationList section */
	};
	rootObject = DE5DF1FC2055E52F00DF0E76 /* Project object */;
}
